
Microsoft Visual Studio Solution File, Format Version 12.00
# Visual Studio 15
VisualStudioVersion = 15.0.27428.2043
MinimumVisualStudioVersion = 10.0.40219.1
Project("{FAE04EC0-301F-11D3-BF4B-00C04F79EFBC}") = "RomanNumeralConverter", "RomanNumeralConverter\RomanNumeralConverter.csproj", "{300B2C32-53D1-468D-B712-5461138DC91C}"
EndProject
Project("{FAE04EC0-301F-11D3-BF4B-00C04F79EFBC}") = "RomanNumeralConverter.Tests", "RomanNumeralConverter.Tests\RomanNumeralConverter.Tests.csproj", "{D0E695D3-501C-4DA9-BE9E-0DC36C5930B1}"
EndProject
Global
	GlobalSection(SolutionConfigurationPlatforms) = preSolution
		Debug|Any CPU = Debug|Any CPU
		Release|Any CPU = Release|Any CPU
	EndGlobalSection
	GlobalSection(ProjectConfigurationPlatforms) = postSolution
		{300B2C32-53D1-468D-B712-5461138DC91C}.Debug|Any CPU.ActiveCfg = Debug|Any CPU
		{300B2C32-53D1-468D-B712-5461138DC91C}.Debug|Any CPU.Build.0 = Debug|Any CPU
		{300B2C32-53D1-468D-B712-5461138DC91C}.Release|Any CPU.ActiveCfg = Release|Any CPU
		{300B2C32-53D1-468D-B712-5461138DC91C}.Release|Any CPU.Build.0 = Release|Any CPU
		{D0E695D3-501C-4DA9-BE9E-0DC36C5930B1}.Debug|Any CPU.ActiveCfg = Debug|Any CPU
		{D0E695D3-501C-4DA9-BE9E-0DC36C5930B1}.Debug|Any CPU.Build.0 = Debug|Any CPU
		{D0E695D3-501C-4DA9-BE9E-0DC36C5930B1}.Release|Any CPU.ActiveCfg = Release|Any CPU
		{D0E695D3-501C-4DA9-BE9E-0DC36C5930B1}.Release|Any CPU.Build.0 = Release|Any CPU
	EndGlobalSection
	GlobalSection(SolutionProperties) = preSolution
		HideSolutionNode = FALSE
	EndGlobalSection
	GlobalSection(ExtensibilityGlobals) = postSolution
		SolutionGuid = {A03AA54B-1823-4D5E-8FDE-A389A0D9FECD}
	EndGlobalSection
EndGlobal
